{
  "name": "tandem-rest-demo",
  "version": "1.0.0",
  "lockfileVersion": 1,
  "requires": true,
  "dependencies": {
    "config": {
      "version": "3.3.7",
      "resolved": "https://art-bobcat.autodesk.com:443/artifactory/api/npm/autodesk-npm-virtual/config/-/config-3.3.7.tgz",
      "integrity": "sha1-QxBBDcK/Tg7/3KIaEqQDWGCiTuQ=",
      "requires": {
        "json5": "^2.1.1"
      }
    },
    "json5": {
      "version": "2.2.0",
      "resolved": "https://art-bobcat.autodesk.com:443/artifactory/api/npm/autodesk-npm-virtual/json5/-/json5-2.2.0.tgz",
      "integrity": "sha1-Lf7+cgxrpSXZ69kJlQ8FFTFsiaM=",
      "requires": {
        "minimist": "^1.2.5"
      }
    },
    "minimist": {
      "version": "1.2.5",
      "resolved": "https://art-bobcat.autodesk.com:443/artifactory/api/npm/autodesk-npm-virtual/minimist/-/minimist-1.2.5.tgz",
      "integrity": "sha1-Z9ZgFLZqaoqqDAg8X9WN9OTpdgI="
    },
    "node-fetch": {
      "version": "2.6.0",
      "resolved": "https://art-bobcat.autodesk.com:443/artifactory/api/npm/autodesk-npm-virtual/node-fetch/-/node-fetch-2.6.0.tgz",
      "integrity": "sha1-5jNFY4bUqlWGP2dqerDaqP3ssP0="
    }
  }
}
